Microsoft Visual Studio Solution File, Format Version 12.00
# Visual Studio Version 17
VisualStudioVersion = 17.5.2.0
MinimumVisualStudioVersion = 10.0.40219.1
Project("{FAE04EC0-301F-11D3-BF4B-00C04F79EFBC}") = "PrimoProgramma", "PrimoProgramma.csproj", "{68481705-54BC-55B0-C5B0-392AC142963D}"
EndProject
Global
	GlobalSection(SolutionConfigurationPlatforms) = preSolution
		Debug|Any CPU = Debug|Any CPU
		Release|Any CPU = Release|Any CPU
	EndGlobalSection
	GlobalSection(ProjectConfigurationPlatforms) = postSolution
		{68481705-54BC-55B0-C5B0-392AC142963D}.Debug|Any CPU.ActiveCfg = Debug|Any CPU
		{68481705-54BC-55B0-C5B0-392AC142963D}.Debug|Any CPU.Build.0 = Debug|Any CPU
		{68481705-54BC-55B0-C5B0-392AC142963D}.Release|Any CPU.ActiveCfg = Release|Any CPU
		{68481705-54BC-55B0-C5B0-392AC142963D}.Release|Any CPU.Build.0 = Release|Any CPU
	EndGlobalSection
	GlobalSection(SolutionProperties) = preSolution
		HideSolutionNode = FALSE
	EndGlobalSection
	GlobalSection(ExtensibilityGlobals) = postSolution
		SolutionGuid = {45D6C209-AAD6-4124-BBDB-7DB2D7C4577B}
	EndGlobalSection
EndGlobal
